// !$*UTF8*$!
{
	archiveVersion = 1;
	classes = {
	};
	objectVersion = 50;
	objects = {

/* Begin PBXBuildFile section */
		B9B0317221510A1A00986729 /* AppDelegate.swift in Sources */ = {isa = PBXBuildFile; fileRef = B9B0317121510A1A00986729 /* AppDelegate.swift */; };
		B9B0317421510A1A00986729 /* ViewController.swift in Sources */ = {isa = PBXBuildFile; fileRef = B9B0317321510A1A00986729 /* ViewController.swift */; };
		B9B0317721510A1A00986729 /* Main.storyboard in Resources */ = {isa = PBXBuildFile; fileRef = B9B0317521510A1A00986729 /* Main.storyboard */; };
		B9B0317921510A1B00986729 /* Assets.xcassets in Resources */ = {isa = PBXBuildFile; fileRef = B9B0317821510A1B00986729 /* Assets.xcassets */; };
		B9B0317C21510A1B00986729 /* LaunchScreen.storyboard in Resources */ = {isa = PBXBuildFile; fileRef = B9B0317A21510A1B00986729 /* LaunchScreen.storyboard */; };
		B9B0318721510A1B00986729 /* BraveIOSTestTests.swift in Sources */ = {isa = PBXBuildFile; fileRef = B9B0318621510A1B00986729 /* BraveIOSTestTests.swift */; };
		B9B0319221510A1B00986729 /* BraveIOSTestUITests.swift in Sources */ = {isa = PBXBuildFile; fileRef = B9B0319121510A1B00986729 /* BraveIOSTestUITests.swift */; };
/* End PBXBuildFile section */

/* Begin PBXContainerItemProxy section */
		B9B0318321510A1B00986729 /* PBXContainerItemProxy */ = {
			isa = PBXContainerItemProxy;
			containerPortal = B9B0316621510A1900986729 /* Project object */;
			proxyType = 1;
			remoteGlobalIDString = B9B0316D21510A1A00986729;
			remoteInfo = BraveIOSTest;
		};
		B9B0318E21510A1B00986729 /* PBXContainerItemProxy */ = {
			isa = PBXContainerItemProxy;
			containerPortal = B9B0316621510A1900986729 /* Project object */;
			proxyType = 1;
			remoteGlobalIDString = B9B0316D21510A1A00986729;
			remoteInfo = BraveIOSTest;
		};
/* End PBXContainerItemProxy section */

/* Begin PBXFileReference section */
		B9B0316E21510A1A00986729 /* BraveIOSTest.app */ = {isa = PBXFileReference; explicitFileType = wrapper.application; includeInIndex = 0; path = BraveIOSTest.app; sourceTree = BUILT_PRODUCTS_DIR; };
		B9B0317121510A1A00986729 /* AppDelegate.swift */ = {isa = PBXFileReference; lastKnownFileType = sourcecode.swift; path = AppDelegate.swift; sourceTree = "<group>"; };
		B9B0317321510A1A00986729 /* ViewController.swift */ = {isa = PBXFileReference; lastKnownFileType = sourcecode.swift; path = ViewController.swift; sourceTree = "<group>"; };
		B9B0317621510A1A00986729 /* Base */ = {isa = PBXFileReference; lastKnownFileType = file.storyboard; name = Base; path = Base.lproj/Main.storyboard; sourceTree = "<group>"; };
		B9B0317821510A1B00986729 /* Assets.xcassets */ = {isa = PBXFileReference; lastKnownFileType = folder.assetcatalog; path = Assets.xcassets; sourceTree = "<group>"; };
		B9B0317B21510A1B00986729 /* Base */ = {isa = PBXFileReference; lastKnownFileType = file.storyboard; name = Base; path = Base.lproj/LaunchScreen.storyboard; sourceTree = "<group>"; };
		B9B0317D21510A1B00986729 /* Info.plist */ = {isa = PBXFileReference; lastKnownFileType = text.plist.xml; path = Info.plist; sourceTree = "<group>"; };
		B9B0318221510A1B00986729 /* BraveIOSTestTests.xctest */ = {isa = PBXFileReference; explicitFileType = wrapper.cfbundle; includeInIndex = 0; path = BraveIOSTestTests.xctest; sourceTree = BUILT_PRODUCTS_DIR; };
		B9B0318621510A1B00986729 /* BraveIOSTestTests.swift */ = {isa = PBXFileReference; lastKnownFileType = sourcecode.swift; path = BraveIOSTestTests.swift; sourceTree = "<group>"; };
		B9B0318821510A1B00986729 /* Info.plist */ = {isa = PBXFileReference; lastKnownFileType = text.plist.xml; path = Info.plist; sourceTree = "<group>"; };
		B9B0318D21510A1B00986729 /* BraveIOSTestUITests.xctest */ = {isa = PBXFileReference; explicitFileType = wrapper.cfbundle; includeInIndex = 0; path = BraveIOSTestUITests.xctest; sourceTree = BUILT_PRODUCTS_DIR; };
		B9B0319121510A1B00986729 /* BraveIOSTestUITests.swift */ = {isa = PBXFileReference; lastKnownFileType = sourcecode.swift; path = BraveIOSTestUITests.swift; sourceTree = "<group>"; };
		B9B0319321510A1B00986729 /* Info.plist */ = {isa = PBXFileReference; lastKnownFileType = text.plist.xml; path = Info.plist; sourceTree = "<group>"; };
/* End PBXFileReference section */

/* Begin PBXFrameworksBuildPhase section */
		B9B0316B21510A1A00986729 /* Frameworks */ = {
			isa = PBXFrameworksBuildPhase;
			buildActionMask = 2147483647;
			files = (
			);
			runOnlyForDeploymentPostprocessing = 0;
		};
		B9B0317F21510A1B00986729 /* Frameworks */ = {
			isa = PBXFrameworksBuildPhase;
			buildActionMask = 2147483647;
			files = (
			);
			runOnlyForDeploymentPostprocessing = 0;
		};
		B9B0318A21510A1B00986729 /* Frameworks */ = {
			isa = PBXFrameworksBuildPhase;
			buildActionMask = 2147483647;
			files = (
			);
			runOnlyForDeploymentPostprocessing = 0;
		};
/* End PBXFrameworksBuildPhase section */

/* Begin PBXGroup section */
		B9B0316521510A1900986729 = {
			isa = PBXGroup;
			children = (
				B9B0317021510A1A00986729 /* BraveIOSTest */,
				B9B0318521510A1B00986729 /* BraveIOSTestTests */,
				B9B0319021510A1B00986729 /* BraveIOSTestUITests */,
				B9B0316F21510A1A00986729 /* Products */,
			);
			sourceTree = "<group>";
		};
		B9B0316F21510A1A00986729 /* Products */ = {
			isa = PBXGroup;
			children = (
				B9B0316E21510A1A00986729 /* BraveIOSTest.app */,
				B9B0318221510A1B00986729 /* BraveIOSTestTests.xctest */,
				B9B0318D21510A1B00986729 /* BraveIOSTestUITests.xctest */,
			);
			name = Products;
			sourceTree = "<group>";
		};
		B9B0317021510A1A00986729 /* BraveIOSTest */ = {
			isa = PBXGroup;
			children = (
				B9B0317121510A1A00986729 /* AppDelegate.swift */,
				B9B0317321510A1A00986729 /* ViewController.swift */,
				B9B0317521510A1A00986729 /* Main.storyboard */,
				B9B0317821510A1B00986729 /* Assets.xcassets */,
				B9B0317A21510A1B00986729 /* LaunchScreen.storyboard */,
				B9B0317D21510A1B00986729 /* Info.plist */,
			);
			path = BraveIOSTest;
			sourceTree = "<group>";
		};
		B9B0318521510A1B00986729 /* BraveIOSTestTests */ = {
			isa = PBXGroup;
			children = (
				B9B0318621510A1B00986729 /* BraveIOSTestTests.swift */,
				B9B0318821510A1B00986729 /* Info.plist */,
			);
			path = BraveIOSTestTests;
			sourceTree = "<group>";
		};
		B9B0319021510A1B00986729 /* BraveIOSTestUITests */ = {
			isa = PBXGroup;
			children = (
				B9B0319121510A1B00986729 /* BraveIOSTestUITests.swift */,
				B9B0319321510A1B00986729 /* Info.plist */,
			);
			path = BraveIOSTestUITests;
			sourceTree = "<group>";
		};
/* End PBXGroup section */

/* Begin PBXNativeTarget section */
		B9B0316D21510A1A00986729 /* BraveIOSTest */ = {
			isa = PBXNativeTarget;
			buildConfigurationList = B9B0319621510A1B00986729 /* Build configuration list for PBXNativeTarget "BraveIOSTest" */;
			buildPhases = (
				B9B0316A21510A1A00986729 /* Sources */,
				B9B0316B21510A1A00986729 /* Frameworks */,
				B9B0316C21510A1A00986729 /* Resources */,
			);
			buildRules = (
			);
			dependencies = (
			);
			name = BraveIOSTest;
			productName = BraveIOSTest;
			productReference = B9B0316E21510A1A00986729 /* BraveIOSTest.app */;
			productType = "com.apple.product-type.application";
		};
		B9B0318121510A1B00986729 /* BraveIOSTestTests */ = {
			isa = PBXNativeTarget;
			buildConfigurationList = B9B0319921510A1B00986729 /* Build configuration list for PBXNativeTarget "BraveIOSTestTests" */;
			buildPhases = (
				B9B0317E21510A1B00986729 /* Sources */,
				B9B0317F21510A1B00986729 /* Frameworks */,
				B9B0318021510A1B00986729 /* Resources */,
			);
			buildRules = (
			);
			dependencies = (
				B9B0318421510A1B00986729 /* PBXTargetDependency */,
			);
			name = BraveIOSTestTests;
			productName = BraveIOSTestTests;
			productReference = B9B0318221510A1B00986729 /* BraveIOSTestTests.xctest */;
			productType = "com.apple.product-type.bundle.unit-test";
		};
		B9B0318C21510A1B00986729 /* BraveIOSTestUITests */ = {
			isa = PBXNativeTarget;
			buildConfigurationList = B9B0319C21510A1B00986729 /* Build configuration list for PBXNativeTarget "BraveIOSTestUITests" */;
			buildPhases = (
				B9B0318921510A1B00986729 /* Sources */,
				B9B0318A21510A1B00986729 /* Frameworks */,
				B9B0318B21510A1B00986729 /* Resources */,
			);
			buildRules = (
			);
			dependencies = (
				B9B0318F21510A1B00986729 /* PBXTargetDependency */,
			);
			name = BraveIOSTestUITests;
			productName = BraveIOSTestUITests;
			productReference = B9B0318D21510A1B00986729 /* BraveIOSTestUITests.xctest */;
			productType = "com.apple.product-type.bundle.ui-testing";
		};
/* End PBXNativeTarget section */

/* Begin PBXProject section */
		B9B0316621510A1900986729 /* Project object */ = {
			isa = PBXProject;
			attributes = {
				LastSwiftUpdateCheck = 0940;
				LastUpgradeCheck = 0940;
				ORGANIZATIONNAME = "John Mbuthia";
				TargetAttributes = {
					B9B0316D21510A1A00986729 = {
						CreatedOnToolsVersion = 9.4.1;
					};
					B9B0318121510A1B00986729 = {
						CreatedOnToolsVersion = 9.4.1;
						TestTargetID = B9B0316D21510A1A00986729;
					};
					B9B0318C21510A1B00986729 = {
						CreatedOnToolsVersion = 9.4.1;
						TestTargetID = B9B0316D21510A1A00986729;
					};
				};
			};
			buildConfigurationList = B9B0316921510A1900986729 /* Build configuration list for PBXProject "BraveIOSTest" */;
			compatibilityVersion = "Xcode 9.3";
			developmentRegion = en;
			hasScannedForEncodings = 0;
			knownRegions = (
				en,
				Base,
			);
			mainGroup = B9B0316521510A1900986729;
			productRefGroup = B9B0316F21510A1A00986729 /* Products */;
			projectDirPath = "";
			projectRoot = "";
			targets = (
				B9B0316D21510A1A00986729 /* BraveIOSTest */,
				B9B0318121510A1B00986729 /* BraveIOSTestTests */,
				B9B0318C21510A1B00986729 /* BraveIOSTestUITests */,
			);
		};
/* End PBXProject section */

/* Begin PBXResourcesBuildPhase section */
		B9B0316C21510A1A00986729 /* Resources */ = {
			isa = PBXResourcesBuildPhase;
			buildActionMask = 2147483647;
			files = (
				B9B0317C21510A1B00986729 /* LaunchScreen.storyboard in Resources */,
				B9B0317921510A1B00986729 /* Assets.xcassets in Resources */,
				B9B0317721510A1A00986729 /* Main.storyboard in Resources */,
			);
			runOnlyForDeploymentPostprocessing = 0;
		};
		B9B0318021510A1B00986729 /* Resources */ = {
			isa = PBXResourcesBuildPhase;
			buildActionMask = 2147483647;
			files = (
			);
			runOnlyForDeploymentPostprocessing = 0;
		};
		B9B0318B21510A1B00986729 /* Resources */ = {
			isa = PBXResourcesBuildPhase;
			buildActionMask = 2147483647;
			files = (
			);
			runOnlyForDeploymentPostprocessing = 0;
		};
/* End PBXResourcesBuildPhase section */

/* Begin PBXSourcesBuildPhase section */
		B9B0316A21510A1A00986729 /* Sources */ = {
			isa = PBXSourcesBuildPhase;
			buildActionMask = 2147483647;
			files = (
				B9B0317421510A1A00986729 /* ViewController.swift in Sources */,
				B9B0317221510A1A00986729 /* AppDelegate.swift in Sources */,
			);
			runOnlyForDeploymentPostprocessing = 0;
		};
		B9B0317E21510A1B00986729 /* Sources */ = {
			isa = PBXSourcesBuildPhase;
			buildActionMask = 2147483647;
			files = (
				B9B0318721510A1B00986729 /* BraveIOSTestTests.swift in Sources */,
			);
			runOnlyForDeploymentPostprocessing = 0;
		};
		B9B0318921510A1B00986729 /* Sources */ = {
			isa = PBXSourcesBuildPhase;
			buildActionMask = 2147483647;
			files = (
				B9B0319221510A1B00986729 /* BraveIOSTestUITests.swift in Sources */,
			);
			runOnlyForDeploymentPostprocessing = 0;
		};
/* End PBXSourcesBuildPhase section */

/* Begin PBXTargetDependency section */
		B9B0318421510A1B00986729 /* PBXTargetDependency */ = {
			isa = PBXTargetDependency;
			target = B9B0316D21510A1A00986729 /* BraveIOSTest */;
			targetProxy = B9B0318321510A1B00986729 /* PBXContainerItemProxy */;
		};
		B9B0318F21510A1B00986729 /* PBXTargetDependency */ = {
			isa = PBXTargetDependency;
			target = B9B0316D21510A1A00986729 /* BraveIOSTest */;
			targetProxy = B9B0318E21510A1B00986729 /* PBXContainerItemProxy */;
		};
/* End PBXTargetDependency section */

/* Begin PBXVariantGroup section */
		B9B0317521510A1A00986729 /* Main.storyboard */ = {
			isa = PBXVariantGroup;
			children = (
				B9B0317621510A1A00986729 /* Base */,
			);
			name = Main.storyboard;
			sourceTree = "<group>";
		};
		B9B0317A21510A1B00986729 /* LaunchScreen.storyboard */ = {
			isa = PBXVariantGroup;
			children = (
				B9B0317B21510A1B00986729 /* Base */,
			);
			name = LaunchScreen.storyboard;
			sourceTree = "<group>";
		};
/* End PBXVariantGroup section */

/* Begin XCBuildConfiguration section */
		B9B0319421510A1B00986729 /* Debug */ = {
			isa = XCBuildConfiguration;
			buildSettings = {
				ALWAYS_SEARCH_USER_PATHS = NO;
				CLANG_ANALYZER_NONNULL = YES;
				CLANG_ANALYZER_NUMBER_OBJECT_CONVERSION = YES_AGGRESSIVE;
				CLANG_CXX_LANGUAGE_STANDARD = "gnu++14";
				CLANG_CXX_LIBRARY = "libc++";
				CLANG_ENABLE_MODULES = YES;
				CLANG_ENABLE_OBJC_ARC = YES;
				CLANG_ENABLE_OBJC_WEAK = YES;
				CLANG_WARN_BLOCK_CAPTURE_AUTORELEASING = YES;
				CLANG_WARN_BOOL_CONVERSION = YES;
				CLANG_WARN_COMMA = YES;
				CLANG_WARN_CONSTANT_CONVERSION = YES;
				CLANG_WARN_DEPRECATED_OBJC_IMPLEMENTATIONS = YES;
				CLANG_WARN_DIRECT_OBJC_ISA_USAGE = YES_ERROR;
				CLANG_WARN_DOCUMENTATION_COMMENTS = YES;
				CLANG_WARN_EMPTY_BODY = YES;
				CLANG_WARN_ENUM_CONVERSION = YES;
				CLANG_WARN_INFINITE_RECURSION = YES;
				CLANG_WARN_INT_CONVERSION = YES;
				CLANG_WARN_NON_LITERAL_NULL_CONVERSION = YES;
				CLANG_WARN_OBJC_IMPLICIT_RETAIN_SELF = YES;
				CLANG_WARN_OBJC_LITERAL_CONVERSION = YES;
				CLANG_WARN_OBJC_ROOT_CLASS = YES_ERROR;
				CLANG_WARN_RANGE_LOOP_ANALYSIS = YES;
				CLANG_WARN_STRICT_PROTOTYPES = YES;
				CLANG_WARN_SUSPICIOUS_MOVE = YES;
				CLANG_WARN_UNGUARDED_AVAILABILITY = YES_AGGRESSIVE;
				CLANG_WARN_UNREACHABLE_CODE = YES;
				CLANG_WARN__DUPLICATE_METHOD_MATCH = YES;
				CODE_SIGN_IDENTITY = "iPhone Developer";
				COPY_PHASE_STRIP = NO;
				DEBUG_INFORMATION_FORMAT = dwarf;
				ENABLE_STRICT_OBJC_MSGSEND = YES;
				ENABLE_TESTABILITY = YES;
				GCC_C_LANGUAGE_STANDARD = gnu11;
				GCC_DYNAMIC_NO_PIC = NO;
				GCC_NO_COMMON_BLOCKS = YES;
				GCC_OPTIMIZATION_LEVEL = 0;
				GCC_PREPROCESSOR_DEFINITIONS = (
					"DEBUG=1",
					"$(inherited)",
				);
				GCC_WARN_64_TO_32_BIT_CONVERSION = YES;
				GCC_WARN_ABOUT_RETURN_TYPE = YES_ERROR;
				GCC_WARN_UNDECLARED_SELECTOR = YES;
				GCC_WARN_UNINITIALIZED_AUTOS = YES_AGGRESSIVE;
				GCC_WARN_UNUSED_FUNCTION = YES;
				GCC_WARN_UNUSED_VARIABLE = YES;
				IPHONEOS_DEPLOYMENT_TARGET = 11.4;
				MTL_ENABLE_DEBUG_INFO = YES;
				ONLY_ACTIVE_ARCH = YES;
				SDKROOT = iphoneos;
				SWIFT_ACTIVE_COMPILATION_CONDITIONS = DEBUG;
				SWIFT_OPTIMIZATION_LEVEL = "-Onone";
			};
			name = Debug;
		};
		B9B0319521510A1B00986729 /* Release */ = {
			isa = XCBuildConfiguration;
			buildSettings = {
				ALWAYS_SEARCH_USER_PATHS = NO;
				CLANG_ANALYZER_NONNULL = YES;
				CLANG_ANALYZER_NUMBER_OBJECT_CONVERSION = YES_AGGRESSIVE;
				CLANG_CXX_LANGUAGE_STANDARD = "gnu++14";
				CLANG_CXX_LIBRARY = "libc++";
				CLANG_ENABLE_MODULES = YES;
				CLANG_ENABLE_OBJC_ARC = YES;
				CLANG_ENABLE_OBJC_WEAK = YES;
				CLANG_WARN_BLOCK_CAPTURE_AUTORELEASING = YES;
				CLANG_WARN_BOOL_CONVERSION = YES;
				CLANG_WARN_COMMA = YES;
				CLANG_WARN_CONSTANT_CONVERSION = YES;
				CLANG_WARN_DEPRECATED_OBJC_IMPLEMENTATIONS = YES;
				CLANG_WARN_DIRECT_OBJC_ISA_USAGE = YES_ERROR;
				CLANG_WARN_DOCUMENTATION_COMMENTS = YES;
				CLANG_WARN_EMPTY_BODY = YES;
				CLANG_WARN_ENUM_CONVERSION = YES;
				CLANG_WARN_INFINITE_RECURSION = YES;
				CLANG_WARN_INT_CONVERSION = YES;
				CLANG_WARN_NON_LITERAL_NULL_CONVERSION = YES;
				CLANG_WARN_OBJC_IMPLICIT_RETAIN_SELF = YES;
				CLANG_WARN_OBJC_LITERAL_CONVERSION = YES;
				CLANG_WARN_OBJC_ROOT_CLASS = YES_ERROR;
				CLANG_WARN_RANGE_LOOP_ANALYSIS = YES;
				CLANG_WARN_STRICT_PROTOTYPES = YES;
				CLANG_WARN_SUSPICIOUS_MOVE = YES;
				CLANG_WARN_UNGUARDED_AVAILABILITY = YES_AGGRESSIVE;
				CLANG_WARN_UNREACHABLE_CODE = YES;
				CLANG_WARN__DUPLICATE_METHOD_MATCH = YES;
				CODE_SIGN_IDENTITY = "iPhone Developer";
				COPY_PHASE_STRIP = NO;
				DEBUG_INFORMATION_FORMAT = "dwarf-with-dsym";
				ENABLE_NS_ASSERTIONS = NO;
				ENABLE_STRICT_OBJC_MSGSEND = YES;
				GCC_C_LANGUAGE_STANDARD = gnu11;
				GCC_NO_COMMON_BLOCKS = YES;
				GCC_WARN_64_TO_32_BIT_CONVERSION = YES;
				GCC_WARN_ABOUT_RETURN_TYPE = YES_ERROR;
				GCC_WARN_UNDECLARED_SELECTOR = YES;
				GCC_WARN_UNINITIALIZED_AUTOS = YES_AGGRESSIVE;
				GCC_WARN_UNUSED_FUNCTION = YES;
				GCC_WARN_UNUSED_VARIABLE = YES;
				IPHONEOS_DEPLOYMENT_TARGET = 11.4;
				MTL_ENABLE_DEBUG_INFO = NO;
				SDKROOT = iphoneos;
				SWIFT_COMPILATION_MODE = wholemodule;
				SWIFT_OPTIMIZATION_LEVEL = "-O";
				VALIDATE_PRODUCT = YES;
			};
			name = Release;
		};
		B9B0319721510A1B00986729 /* Debug */ = {
			isa = XCBuildConfiguration;
			buildSettings = {
				ASSETCATALOG_COMPILER_APPICON_NAME = AppIcon;
				CODE_SIGN_STYLE = Automatic;
				DEVELOPMENT_TEAM = CW6F8ESUHJ;
				INFOPLIST_FILE = BraveIOSTest/Info.plist;
				LD_RUNPATH_SEARCH_PATHS = (
					"$(inherited)",
					"@executable_path/Frameworks",
				);
				PRODUCT_BUNDLE_IDENTIFIER = com.brave.ios.BraveIOSTest;
				PRODUCT_NAME = "$(TARGET_NAME)";
				SWIFT_VERSION = 4.0;
				TARGETED_DEVICE_FAMILY = "1,2";
			};
			name = Debug;
		};
		B9B0319821510A1B00986729 /* Release */ = {
			isa = XCBuildConfiguration;
			buildSettings = {
				ASSETCATALOG_COMPILER_APPICON_NAME = AppIcon;
				CODE_SIGN_STYLE = Automatic;
				DEVELOPMENT_TEAM = CW6F8ESUHJ;
				INFOPLIST_FILE = BraveIOSTest/Info.plist;
				LD_RUNPATH_SEARCH_PATHS = (
					"$(inherited)",
					"@executable_path/Frameworks",
				);
				PRODUCT_BUNDLE_IDENTIFIER = com.brave.ios.BraveIOSTest;
				PRODUCT_NAME = "$(TARGET_NAME)";
				SWIFT_VERSION = 4.0;
				TARGETED_DEVICE_FAMILY = "1,2";
			};
			name = Release;
		};
		B9B0319A21510A1B00986729 /* Debug */ = {
			isa = XCBuildConfiguration;
			buildSettings = {
				ALWAYS_EMBED_SWIFT_STANDARD_LIBRARIES = YES;
				BUNDLE_LOADER = "$(TEST_HOST)";
				CODE_SIGN_STYLE = Automatic;
				INFOPLIST_FILE = BraveIOSTestTests/Info.plist;
				LD_RUNPATH_SEARCH_PATHS = (
					"$(inherited)",
					"@executable_path/Frameworks",
					"@loader_path/Frameworks",
				);
				PRODUCT_BUNDLE_IDENTIFIER = com.brave.ios.BraveIOSTestTests;
				PRODUCT_NAME = "$(TARGET_NAME)";
				SWIFT_VERSION = 4.0;
				TARGETED_DEVICE_FAMILY = "1,2";
				TEST_HOST = "$(BUILT_PRODUCTS_DIR)/BraveIOSTest.app/BraveIOSTest";
			};
			name = Debug;
		};
		B9B0319B21510A1B00986729 /* Release */ = {
			isa = XCBuildConfiguration;
			buildSettings = {
				ALWAYS_EMBED_SWIFT_STANDARD_LIBRARIES = YES;
				BUNDLE_LOADER = "$(TEST_HOST)";
				CODE_SIGN_STYLE = Automatic;
				INFOPLIST_FILE = BraveIOSTestTests/Info.plist;
				LD_RUNPATH_SEARCH_PATHS = (
					"$(inherited)",
					"@executable_path/Frameworks",
					"@loader_path/Frameworks",
				);
				PRODUCT_BUNDLE_IDENTIFIER = com.brave.ios.BraveIOSTestTests;
				PRODUCT_NAME = "$(TARGET_NAME)";
				SWIFT_VERSION = 4.0;
				TARGETED_DEVICE_FAMILY = "1,2";
				TEST_HOST = "$(BUILT_PRODUCTS_DIR)/BraveIOSTest.app/BraveIOSTest";
			};
			name = Release;
		};
		B9B0319D21510A1B00986729 /* Debug */ = {
			isa = XCBuildConfiguration;
			buildSettings = {
				ALWAYS_EMBED_SWIFT_STANDARD_LIBRARIES = YES;
				CODE_SIGN_STYLE = Automatic;
				INFOPLIST_FILE = BraveIOSTestUITests/Info.plist;
				LD_RUNPATH_SEARCH_PATHS = (
					"$(inherited)",
					"@executable_path/Frameworks",
					"@loader_path/Frameworks",
				);
				PRODUCT_BUNDLE_IDENTIFIER = com.brave.ios.BraveIOSTestUITests;
				PRODUCT_NAME = "$(TARGET_NAME)";
				SWIFT_VERSION = 4.0;
				TARGETED_DEVICE_FAMILY = "1,2";
				TEST_TARGET_NAME = BraveIOSTest;
			};
			name = Debug;
		};
		B9B0319E21510A1B00986729 /* Release */ = {
			isa = XCBuildConfiguration;
			buildSettings = {
				ALWAYS_EMBED_SWIFT_STANDARD_LIBRARIES = YES;
				CODE_SIGN_STYLE = Automatic;
				INFOPLIST_FILE = BraveIOSTestUITests/Info.plist;
				LD_RUNPATH_SEARCH_PATHS = (
					"$(inherited)",
					"@executable_path/Frameworks",
					"@loader_path/Frameworks",
				);
				PRODUCT_BUNDLE_IDENTIFIER = com.brave.ios.BraveIOSTestUITests;
				PRODUCT_NAME = "$(TARGET_NAME)";
				SWIFT_VERSION = 4.0;
				TARGETED_DEVICE_FAMILY = "1,2";
				TEST_TARGET_NAME = BraveIOSTest;
			};
			name = Release;
		};
/* End XCBuildConfiguration section */

/* Begin XCConfigurationList section */
		B9B0316921510A1900986729 /* Build configuration list for PBXProject "BraveIOSTest" */ = {
			isa = XCConfigurationList;
			buildConfigurations = (
				B9B0319421510A1B00986729 /* Debug */,
				B9B0319521510A1B00986729 /* Release */,
			);
			defaultConfigurationIsVisible = 0;
			defaultConfigurationName = Release;
		};
		B9B0319621510A1B00986729 /* Build configuration list for PBXNativeTarget "BraveIOSTest" */ = {
			isa = XCConfigurationList;
			buildConfigurations = (
				B9B0319721510A1B00986729 /* Debug */,
				B9B0319821510A1B00986729 /* Release */,
			);
			defaultConfigurationIsVisible = 0;
			defaultConfigurationName = Release;
		};
		B9B0319921510A1B00986729 /* Build configuration list for PBXNativeTarget "BraveIOSTestTests" */ = {
			isa = XCConfigurationList;
			buildConfigurations = (
				B9B0319A21510A1B00986729 /* Debug */,
				B9B0319B21510A1B00986729 /* Release */,
			);
			defaultConfigurationIsVisible = 0;
			defaultConfigurationName = Release;
		};
		B9B0319C21510A1B00986729 /* Build configuration list for PBXNativeTarget "BraveIOSTestUITests" */ = {
			isa = XCConfigurationList;
			buildConfigurations = (
				B9B0319D21510A1B00986729 /* Debug */,
				B9B0319E21510A1B00986729 /* Release */,
			);
			defaultConfigurationIsVisible = 0;
			defaultConfigurationName = Release;
		};
/* End XCConfigurationList section */
	};
	rootObject = B9B0316621510A1900986729 /* Project object */;
}
